{
  "name": "bootstrap",
  "version": "3.3.7",
  "lockfileVersion": 1,
  "requires": true,
  "dependencies": {
    "btoa": {
      "version": "1.1.2",
      "resolved": "https://registry.npmjs.org/btoa/-/btoa-1.1.2.tgz",
      "integrity": "sha1-PkC4FmP4HS3WWWpMtxSo3BbPq+A=",
      "dev": true
    },
    "glob": {
      "version": "7.0.6",
      "resolved": "https://registry.npmjs.org/glob/-/glob-7.0.6.tgz",
      "integrity": "sha1-IRuvr0nlJbjNkyYNFKsTYVKz9Xo=",
      "dev": true
    },
    "grunt": {
      "version": "1.0.1",
      "resolved": "https://registry.npmjs.org/grunt/-/grunt-1.0.1.tgz",
      "integrity": "sha1-6HeHZOlEsY8yuw8QuQeEdcnftWs=",
      "dev": true,
      "dependencies": {
        "grunt-cli": {
          "version": "1.2.0",
          "resolved": "https://registry.npmjs.org/grunt-cli/-/grunt-cli-1.2.0.tgz",
          "integrity": "sha1-VisRnrsGndtGSs4oRVAb6Xs1tqg="
        }
      }
    },
    "grunt-autoprefixer": {
      "version": "3.0.4",
      "resolved": "https://registry.npmjs.org/grunt-autoprefixer/-/grunt-autoprefixer-3.0.4.tgz",
      "integrity": "sha1-/kLiR7z6ucKSoSwGLa1PNb3pAsU=",
      "dev": true,
      "dependencies": {
        "ansi-regex": {
          "version": "1.1.1",
          "resolved": "https://registry.npmjs.org/ansi-regex/-/ansi-regex-1.1.1.tgz",
          "integrity": "sha1-QchHGUZGN15qGl0Qw8oFTvn8mA0="
        },
        "chalk": {
          "version": "1.0.0",
          "resolved": "https://registry.npmjs.org/chalk/-/chalk-1.0.0.tgz",
          "integrity": "sha1-s89O0P9Tl8mcdbj2edsvUoMfltw="
        },
        "has-ansi": {
          "version": "1.0.3",
          "resolved": "https://registry.npmjs.org/has-ansi/-/has-ansi-1.0.3.tgz",
          "integrity": "sha1-wLWxYV2eOCsP9nFp2We0JeSMpTg="
        },
        "strip-ansi": {
          "version": "2.0.1",
          "resolved": "https://registry.npmjs.org/strip-ansi/-/strip-ansi-2.0.1.tgz",
          "integrity": "sha1-32LBqpTtLxFOHQ8h/R1QSCt5pg4="
        },
        "supports-color": {
          "version": "1.3.1",
          "resolved": "https://registry.npmjs.org/supports-color/-/supports-color-1.3.1.tgz",
          "integrity": "sha1-FXWN8J2P87SswwdTn6vicJXhBC0="
        }
      }
    },
    "grunt-contrib-clean": {
      "version": "1.0.0",
      "resolved": "https://registry.npmjs.org/grunt-contrib-clean/-/grunt-contrib-clean-1.0.0.tgz",
      "integrity": "sha1-ay7ZQRfix//jLuBFeMlv5GJam20=",
      "dev": true,
      "dependencies": {
        "rimraf": {
          "version": "2.6.1",
          "resolved": "https://registry.npmjs.org/rimraf/-/rimraf-2.6.1.tgz",
          "integrity": "sha1-wjOOxkPfeht/5cVPqG9XQopV8z0="
        }
      }
    },
    "grunt-contrib-compress": {
      "version": "1.3.0",
      "resolved": "https://registry.npmjs.org/grunt-contrib-compress/-/grunt-contrib-compress-1.3.0.tgz",
      "integrity": "sha1-XlwmogBJCCPH93KIr9LXNQ2Vxj0=",
      "dev": true,
      "dependencies": {
        "lodash": {
          "version": "4.17.4",
          "resolved": "https://registry.npmjs.org/lodash/-/lodash-4.17.4.tgz",
          "integrity": "sha1-eCA6TRwyiuHYbcpkYONptX9AVa4="
        }
      }
    },
    "grunt-contrib-concat": {
      "version": "1.0.1",
      "resolved": "https://registry.npmjs.org/grunt-contrib-concat/-/grunt-contrib-concat-1.0.1.tgz",
      "integrity": "sha1-YVCYYwhOhx1+ht5IwBUlntl3Rb0=",
      "dev": true,
      "dependencies": {
        "source-map": {
          "version": "0.5.6",
          "resolved": "https://registry.npmjs.org/source-map/-/source-map-0.5.6.tgz",
          "integrity": "sha1-dc449SvwczxafwwRjYEzSiu19BI="
        }
      }
    },
    "grunt-contrib-connect": {
      "version": "1.0.2",
      "resolved": "https://registry.npmjs.org/grunt-contrib-connect/-/grunt-contrib-connect-1.0.2.tgz",
      "integrity": "sha1-XPkzuRpnOGBEJzwLJERgPNmIebo=",
      "dev": true
    },
    "grunt-contrib-copy": {
      "version": "1.0.0",
      "resolved": "https://registry.npmjs.org/grunt-contrib-copy/-/grunt-contrib-copy-1.0.0.tgz",
      "integrity": "sha1-cGDGWB6QS4qw0A8HbgqPbj58NXM=",
      "dev": true
    },
    "grunt-contrib-csslint": {
      "version": "1.0.0",
      "resolved": "https://registry.npmjs.org/grunt-contrib-csslint/-/grunt-contrib-csslint-1.0.0.tgz",
      "integrity": "sha1-0Fk4y6KncYXEppdTwXUdYW6p+pg=",
      "dev": true
    },
    "grunt-contrib-cssmin": {
      "version": "1.0.2",
      "resolved": "https://registry.npmjs.org/grunt-contrib-cssmin/-/grunt-contrib-cssmin-1.0.2.tgz",
      "integrity": "sha1-FzTL09hMpzZHWLflj/GOUqpgu3Y=",
      "dev": true
    },
    "grunt-contrib-htmlmin": {
      "version": "1.5.0",
      "resolved": "https://registry.npmjs.org/grunt-contrib-htmlmin/-/grunt-contrib-htmlmin-1.5.0.tgz",
      "integrity": "sha1-Stes838ClP6OqX83NFrnC6elglE=",
      "dev": true
    },
    "grunt-contrib-jshint": {
      "version": "1.0.0",
      "resolved": "https://registry.npmjs.org/grunt-contrib-jshint/-/grunt-contrib-jshint-1.0.0.tgz",
      "integrity": "sha1-MPQFpR3mVr+m6wKbmkZLn+AqQCo=",
      "dev": true
    },
    "grunt-contrib-less": {
      "version": "1.3.0",
      "resolved": "https://registry.npmjs.org/grunt-contrib-less/-/grunt-contrib-less-1.3.0.tgz",
      "integrity": "sha1-UY73yG3GDhWeZRCKp125OpyP9dQ=",
      "dev": true,
      "dependencies": {
        "lodash": {
          "version": "4.17.4",
          "resolved": "https://registry.npmjs.org/lodash/-/lodash-4.17.4.tgz",
          "integrity": "sha1-eCA6TRwyiuHYbcpkYONptX9AVa4="
        }
      }
    },
    "grunt-contrib-pug": {
      "version": "1.0.0",
      "resolved": "https://registry.npmjs.org/grunt-contrib-pug/-/grunt-contrib-pug-1.0.0.tgz",
      "integrity": "sha1-tSWlwK/wRiL3Vw4x+SQQbxb4G0Y=",
      "dev": true
    },
    "grunt-contrib-qunit": {
      "version": "0.7.0",
      "resolved": "https://registry.npmjs.org/grunt-contrib-qunit/-/grunt-contrib-qunit-0.7.0.tgz",
      "integrity": "sha1-YqaaNv8NEeHKhxIJC55Qt3W4+CU=",
      "dev": true
    },
    "grunt-contrib-uglify": {
      "version": "1.0.2",
      "resolved": "https://registry.npmjs.org/grunt-contrib-uglify/-/grunt-contrib-uglify-1.0.2.tgz",
      "integrity": "sha1-rmekb5FT7dTLEYE6Vetpxw19svs=",
      "dev": true,
      "dependencies": {
        "lodash": {
          "version": "4.17.4",
          "resolved": "https://registry.npmjs.org/lodash/-/lodash-4.17.4.tgz",
          "integrity": "sha1-eCA6TRwyiuHYbcpkYONptX9AVa4="
        }
      }
    },
    "grunt-contrib-watch": {
      "version": "1.0.0",
      "resolved": "https://registry.npmjs.org/grunt-contrib-watch/-/grunt-contrib-watch-1.0.0.tgz",
      "integrity": "sha1-hKGnodar0m7VaEE0lscxM+mQAY8=",
      "dev": true
    },
    "grunt-csscomb": {
      "version": "3.1.1",
      "resolved": "https://registry.npmjs.org/grunt-csscomb/-/grunt-csscomb-3.1.1.tgz",
      "integrity": "sha1-RUfb9ESaN+MgoKpRCigodbKI6jw=",
      "dev": true
    },
    "grunt-exec": {
      "version": "1.0.1",
      "resolved": "https://registry.npmjs.org/grunt-exec/-/grunt-exec-1.0.1.tgz",
      "integrity": "sha1-5dU6OcXzRpATBe3uXIfbDyr5mcQ=",
      "dev": true
    },
    "grunt-html": {
      "version": "8.0.2",
      "resolved": "https://registry.npmjs.org/grunt-html/-/grunt-html-8.0.2.tgz",
      "integrity": "sha1-iG2cFwqF+Q9SnzIGl9GEfYnjv6A=",
      "dev": true
    },
    "grunt-jekyll": {
      "version": "0.4.6",
      "resolved": "https://registry.npmjs.org/grunt-jekyll/-/grunt-jekyll-0.4.6.tgz",
      "integrity": "sha1-U7ut6Grp0UEkUhjgs6tMM0DNIGc=",
      "dev": true
    },
    "grunt-jscs": {
      "version": "3.0.1",
      "resolved": "https://registry.npmjs.org/grunt-jscs/-/grunt-jscs-3.0.1.tgz",
      "integrity": "sha1-H65Q4+lV3546nZQlrsIqzK4AgJI=",
      "dev": true,
      "dependencies": {
        "lodash": {
          "version": "4.6.1",
          "resolved": "https://registry.npmjs.org/lodash/-/lodash-4.6.1.tgz",
          "integrity": "sha1-3wDBFkrSNrGDz8OIel6NOMxjy7w="
        }
      }
    },
    "grunt-saucelabs": {
      "version": "9.0.0",
      "resolved": "https://registry.npmjs.org/grunt-saucelabs/-/grunt-saucelabs-9.0.0.tgz",
      "integrity": "sha1-1ogCWgVQHeysCp4SndTk9QpCAUo=",
      "dev": true,
      "dependencies": {
        "lodash": {
          "version": "4.13.1",
          "resolved": "https://registry.npmjs.org/lodash/-/lodash-4.13.1.tgz",
          "integrity": "sha1-g+SxCRP0hJbU0W/sSlYK8u50S2g="
        }
      }
    },
    "interpret": {
      "version": "1.0.3",
      "resolved": "https://registry.npmjs.org/interpret/-/interpret-1.0.3.tgz",
      "integrity": "sha1-y8NcYu7uc/Gat7EKgBURQBr8D5A=",
      "dev": true
    },
    "load-grunt-tasks": {
      "version": "3.5.2",
      "resolved": "https://registry.npmjs.org/load-grunt-tasks/-/load-grunt-tasks-3.5.2.tgz",
      "integrity": "sha1-ByhWEYD9IP+KaSdQWFL8WKrqDIg=",
      "dev": true
    },
    "markdown-it": {
      "version": "7.0.1",
      "resolved": "https://registry.npmjs.org/markdown-it/-/markdown-it-7.0.1.tgz",
      "integrity": "sha1-8S2LiKk+ZCVDSN/Rg71wv2BWekI=",
      "dev": true,
      "dependencies": {
        "entities": {
          "version": "1.1.1",
          "resolved": "https://registry.npmjs.org/entities/-/entities-1.1.1.tgz",
          "integrity": "sha1-blwtClYhtdra7O+AuQ7ftc13cvA="
        }
      }
    },
    "rechoir": {
      "version": "0.6.2",
      "resolved": "https://registry.npmjs.org/rechoir/-/rechoir-0.6.2.tgz",
      "integrity": "sha1-hSBLVNuoLVdC4oyWdW70OvUOM4Q=",
      "dev": true
    },
    "shelljs": {
      "version": "0.8.5",
      "resolved": "https://registry.npmjs.org/shelljs/-/shelljs-0.8.5.tgz",
      "integrity": "sha512-TiwcRcrkhHvbrZbnRcFYMLl30Dfov3HKqzp5tO5b4pt6G/SezKcYhmDg15zXVBswHmctSAQKznqNW2LO5tTDow==",
      "dev": true,
      "requires": {
        "glob": "^7.0.0",
        "interpret": "^1.0.0",
        "rechoir": "^0.6.2"
      }
    },
    "shx": {
      "version": "0.1.4",
      "resolved": "https://registry.npmjs.org/shx/-/shx-0.1.4.tgz",
      "integrity": "sha1-mjqUJx5su3iBSf3GaWI3FUq2N58=",
      "dev": true
    },
    "time-grunt": {
      "version": "1.4.0",
      "resolved": "https://registry.npmjs.org/time-grunt/-/time-grunt-1.4.0.tgz",
      "integrity": "sha1-BiIT5mDJB+hvRAVWwB6mWXtxJCA=",
      "dev": true
    }
  }
}
