{
    "name": "angular_jqwidgets_aot_webpack",
    "version": "1.0.0",
    "lockfileVersion": 1,
    "requires": true,
    "dependencies": {
        "@angular/common": {
            "version": "4.2.3",
            "resolved": "https://registry.npmjs.org/@angular/common/-/common-4.2.3.tgz",
            "integrity": "sha512-xox0nSy+n3vHQAmxxB9bRwva3ts+a4lPZXzhkkrBzN5U0JfMbjNIMFWp1P6v8CqdCE2z9735vS91G0bLn9YjxQ==",
            "dev": true,
            "requires": {
                "tslib": "^1.7.1"
            },
            "dependencies": {
                "tslib": {
                    "version": "1.14.1",
                    "resolved": "https://registry.npmjs.org/tslib/-/tslib-1.14.1.tgz",
                    "integrity": "sha512-Xni35NKzjgMrwevysHTCArtLDpPvye8zV/0E4EyYn43P7/7qvQwPh9BGkHewbMulVntbigmcT7rdX3BNo9wRJg==",
                    "dev": true
                }
            }
        },
        "@angular/compiler": {
            "version": "4.2.3",
            "resolved": "https://registry.npmjs.org/@angular/compiler/-/compiler-4.2.3.tgz",
            "integrity": "sha512-tiWJfmOtURcOoX9vHJqBxt70U1n75HM8I2/iuBwpAWJayG3KumHiA1I+a7PsumHSNmfIFMkaJzHFcQjN8PErHg==",
            "dev": true,
            "requires": {
                "tslib": "^1.7.1"
            },
            "dependencies": {
                "tslib": {
                    "version": "1.14.1",
                    "resolved": "https://registry.npmjs.org/tslib/-/tslib-1.14.1.tgz",
                    "integrity": "sha512-Xni35NKzjgMrwevysHTCArtLDpPvye8zV/0E4EyYn43P7/7qvQwPh9BGkHewbMulVntbigmcT7rdX3BNo9wRJg==",
                    "dev": true
                }
            }
        },
        "@angular/compiler-cli": {
            "version": "4.2.3",
            "resolved": "https://registry.npmjs.org/@angular/compiler-cli/-/compiler-cli-4.2.3.tgz",
            "integrity": "sha512-jkTNU320QM6Pa0g5WuljvJ0T3Q2aAAt8WdS3F5ydE57peUzqgCRISKiDm9fZDZiHKEm3gcgxpM3bDbiPsYdSfA==",
            "dev": true,
            "requires": {
                "@angular/tsc-wrapped": "4.2.3",
                "minimist": "^1.2.0",
                "reflect-metadata": "^0.1.2"
            },
            "dependencies": {
                "@angular/tsc-wrapped": {
                    "version": "4.2.3",
                    "resolved": "https://registry.npmjs.org/@angular/tsc-wrapped/-/tsc-wrapped-4.2.3.tgz",
                    "integrity": "sha512-rIgxLkSaJSE/9kKIMWQ0ysIiN8XPZN8B7F9JQaHeUUgB4e/02za09TP2QVm1dHgUgbbGBG2K9L5lgokQb37jOg==",
                    "dev": true,
                    "requires": {
                        "tsickle": "^0.21.0"
                    }
                },
                "minimist": {
                    "version": "1.2.6",
                    "resolved": "https://registry.npmjs.org/minimist/-/minimist-1.2.6.tgz",
                    "integrity": "sha512-Jsjnk4bw3YJqYzbdyBiNsPWHPfO++UGG749Cxs6peCu5Xg4nrena6OVxOYxrQTqww0Jmwt+Ref8rggumkTLz9Q==",
                    "dev": true
                }
            }
        },
        "@angular/core": {
            "version": "11.0.5",
            "resolved": "https://registry.npmjs.org/@angular/core/-/core-11.0.5.tgz",
            "integrity": "sha512-XAXWQi7R3ucZXQwx9QK5jSKJeQyRJ53u2dQDpr7R5stzeCy1a5hrNOkZLg9zOTTPcth/6+FrOrRZP9SMdxtw3w==",
            "dev": true,
            "requires": {
                "tslib": "^2.0.0"
            }
        },
        "@angular/forms": {
            "version": "4.2.3",
            "resolved": "https://registry.npmjs.org/@angular/forms/-/forms-4.2.3.tgz",
            "integrity": "sha512-z9skX2se6GpaqhTpv3iLwlsaLpecSNzDHM3V+VLQ5mbtnwRDGHuYeZQbexJiLwkwwF9ILPSUTGUrgSUVmhCAIQ==",
            "dev": true,
            "requires": {
                "tslib": "^1.7.1"
            },
            "dependencies": {
                "tslib": {
                    "version": "1.14.1",
                    "resolved": "https://registry.npmjs.org/tslib/-/tslib-1.14.1.tgz",
                    "integrity": "sha512-Xni35NKzjgMrwevysHTCArtLDpPvye8zV/0E4EyYn43P7/7qvQwPh9BGkHewbMulVntbigmcT7rdX3BNo9wRJg==",
                    "dev": true
                }
            }
        },
        "@angular/http": {
            "version": "4.2.3",
            "resolved": "https://registry.npmjs.org/@angular/http/-/http-4.2.3.tgz",
            "integrity": "sha512-xOx+/K8w+BOXhQgx+UjCLrzBivClSjKGZr9indy0wk9bi75HRnJr8K7GGjlPF55Gjrg02ZVkMGnMi0ZW43UnKw==",
            "dev": true,
            "requires": {
                "tslib": "^1.7.1"
            },
            "dependencies": {
                "tslib": {
                    "version": "1.14.1",
                    "resolved": "https://registry.npmjs.org/tslib/-/tslib-1.14.1.tgz",
                    "integrity": "sha512-Xni35NKzjgMrwevysHTCArtLDpPvye8zV/0E4EyYn43P7/7qvQwPh9BGkHewbMulVntbigmcT7rdX3BNo9wRJg==",
                    "dev": true
                }
            }
        },
        "@angular/platform-browser": {
            "version": "4.2.3",
            "resolved": "https://registry.npmjs.org/@angular/platform-browser/-/platform-browser-4.2.3.tgz",
            "integrity": "sha512-g9RtuAwTmy/MQFQGONTakouOtimbE2S48sZRJId+u6bEPT1hHRrD2qg2X5Zytr6Li6b4Xt8RyQxi6KqfKUVc6w==",
            "dev": true,
            "requires": {
                "tslib": "^1.7.1"
            },
            "dependencies": {
                "tslib": {
                    "version": "1.14.1",
                    "resolved": "https://registry.npmjs.org/tslib/-/tslib-1.14.1.tgz",
                    "integrity": "sha512-Xni35NKzjgMrwevysHTCArtLDpPvye8zV/0E4EyYn43P7/7qvQwPh9BGkHewbMulVntbigmcT7rdX3BNo9wRJg==",
                    "dev": true
                }
            }
        },
        "@angular/platform-browser-dynamic": {
            "version": "4.2.3",
            "resolved": "https://registry.npmjs.org/@angular/platform-browser-dynamic/-/platform-browser-dynamic-4.2.3.tgz",
            "integrity": "sha512-vLzGNBmeewvImxzjUBUttVo3MTbZ3lEQFmLR9UHpGxuQRYqOLunO8HjvoJOI5bsgT46gIKCfvb9lhNYxokWGbQ==",
            "dev": true,
            "requires": {
                "tslib": "^1.7.1"
            },
            "dependencies": {
                "tslib": {
                    "version": "1.14.1",
                    "resolved": "https://registry.npmjs.org/tslib/-/tslib-1.14.1.tgz",
                    "integrity": "sha512-Xni35NKzjgMrwevysHTCArtLDpPvye8zV/0E4EyYn43P7/7qvQwPh9BGkHewbMulVntbigmcT7rdX3BNo9wRJg==",
                    "dev": true
                }
            }
        },
        "@angular/platform-server": {
            "version": "4.2.3",
            "resolved": "https://registry.npmjs.org/@angular/platform-server/-/platform-server-4.2.3.tgz",
            "integrity": "sha512-g0ZBz6NDZIj2IhYUfNpi2UF0aGR8XyoMyqAo6GTnimiQ/v0EHGxaiR/jXkTaU6fcjZpbI3HkwXetILmy+m7gHg==",
            "dev": true,
            "requires": {
                "parse5": "^3.0.1",
                "tslib": "^1.7.1",
                "xhr2": "^0.1.4"
            },
            "dependencies": {
                "tslib": {
                    "version": "1.14.1",
                    "resolved": "https://registry.npmjs.org/tslib/-/tslib-1.14.1.tgz",
                    "integrity": "sha512-Xni35NKzjgMrwevysHTCArtLDpPvye8zV/0E4EyYn43P7/7qvQwPh9BGkHewbMulVntbigmcT7rdX3BNo9wRJg==",
                    "dev": true
                }
            }
        },
        "@ngtools/webpack": {
            "version": "1.4.1",
            "resolved": "https://registry.npmjs.org/@ngtools/webpack/-/webpack-1.4.1.tgz",
            "integrity": "sha512-XuFWI7TrwoqahKEAhYNpLQVKD7svo6J5pc/iQLIpYgQAFHqp6AIUlnxwjHerpWLb/iy5fWk1Sd2QHVnJBMLxkg==",
            "dev": true,
            "requires": {
                "enhanced-resolve": "^3.1.0",
                "loader-utils": "^1.0.2",
                "magic-string": "^0.19.0",
                "source-map": "^0.5.6"
            },
            "dependencies": {
                "big.js": {
                    "version": "5.2.2",
                    "resolved": "https://registry.npmjs.org/big.js/-/big.js-5.2.2.tgz",
                    "integrity": "sha512-vyL2OymJxmarO8gxMr0mhChsO9QGwhynfuu4+MHTAW6czfq9humCB7rKpUjDd9YUiDPU4mzpyupFSvOClAwbmQ==",
                    "dev": true
                },
                "emojis-list": {
                    "version": "3.0.0",
                    "resolved": "https://registry.npmjs.org/emojis-list/-/emojis-list-3.0.0.tgz",
                    "integrity": "sha512-/kyM18EfinwXZbno9FyUGeFh87KC8HRQBQGildHZbEuRyWFOmv1U10o9BBp8XVZDVNNuQKyIGIu5ZYAAXJ0V2Q==",
                    "dev": true
                },
                "json5": {
                    "version": "1.0.1",
                    "resolved": "https://registry.npmjs.org/json5/-/json5-1.0.1.tgz",
                    "integrity": "sha512-aKS4WQjPenRxiQsC93MNfjx+nbF4PAdYzmd/1JIj8HYzqfbu86beTuNgXDzPknWk0n0uARlyewZo4s++ES36Ow==",
                    "dev": true,
                    "requires": {
                        "minimist": "^1.2.0"
                    }
                },
                "loader-utils": {
                    "version": "1.4.0",
                    "resolved": "https://registry.npmjs.org/loader-utils/-/loader-utils-1.4.0.tgz",
                    "integrity": "sha512-qH0WSMBtn/oHuwjy/NucEgbx5dbxxnxup9s4PVXJUDHZBQY+s0NWA9rJf53RBnQZxfch7euUui7hpoAPvALZdA==",
                    "dev": true,
                    "requires": {
                        "big.js": "^5.2.2",
                        "emojis-list": "^3.0.0",
                        "json5": "^1.0.1"
                    }
                },
                "minimist": {
                    "version": "1.2.6",
                    "resolved": "https://registry.npmjs.org/minimist/-/minimist-1.2.6.tgz",
                    "integrity": "sha512-Jsjnk4bw3YJqYzbdyBiNsPWHPfO++UGG749Cxs6peCu5Xg4nrena6OVxOYxrQTqww0Jmwt+Ref8rggumkTLz9Q==",
                    "dev": true
                }
            }
        },
        "@types/core-js": {
            "version": "0.9.41",
            "resolved": "https://registry.npmjs.org/@types/core-js/-/core-js-0.9.41.tgz",
            "integrity": "sha1-z+zrY8K+qin4giUsfBjg6Ucf9OI=",
            "dev": true
        },
        "@types/jquery": {
            "version": "3.2.2",
            "resolved": "https://registry.npmjs.org/@types/jquery/-/jquery-3.2.2.tgz",
            "integrity": "sha512-jrLgWX8RPA0U/gQCyMD/vdffTL022xcyjlTIYK89bjUWvHXrTkuC4OlUY9r0++/WUN0VrdEZ8ug92FjN/vmCAw==",
            "dev": true
        },
        "@types/node": {
            "version": "8.0.0",
            "resolved": "https://registry.npmjs.org/@types/node/-/node-8.0.0.tgz",
            "integrity": "sha512-j2tekvJCO7j22cs+LO6i0kRPhmQ9MXaPZ55TzOc1lzkN5b6BWqq4AFjl04s1oRRQ1v5rSe+KEvnLUSTonuls/A==",
            "dev": true
        },
        "angular2-template-loader": {
            "version": "0.6.2",
            "resolved": "https://registry.npmjs.org/angular2-template-loader/-/angular2-template-loader-0.6.2.tgz",
            "integrity": "sha1-wNROkP/w+sleiyPwQ6zaf9HFHXw="
        },
        "awesome-typescript-loader": {
            "version": "3.1.3",
            "resolved": "https://registry.npmjs.org/awesome-typescript-loader/-/awesome-typescript-loader-3.1.3.tgz",
            "integrity": "sha1-frQd+xNsLqDgmb7wONxwxF+BAiM=",
            "dependencies": {
                "loader-utils": {
                    "version": "1.1.0",
                    "resolved": "https://registry.npmjs.org/loader-utils/-/loader-utils-1.1.0.tgz",
                    "integrity": "sha1-yYrvSIvM7aL/teLeZG1qdUQp9c0="
                }
            }
        },
        "core-js": {
            "version": "2.4.1",
            "resolved": "https://registry.npmjs.org/core-js/-/core-js-2.4.1.tgz",
            "integrity": "sha1-TekR5mew6ukSTjQlS1OupvxhjT4="
        },
        "css-loader": {
            "version": "0.28.4",
            "resolved": "https://registry.npmjs.org/css-loader/-/css-loader-0.28.4.tgz",
            "integrity": "sha1-bPNXkZLONV6LONX0Ldeh8uyJjQ8=",
            "dependencies": {
                "loader-utils": {
                    "version": "1.1.0",
                    "resolved": "https://registry.npmjs.org/loader-utils/-/loader-utils-1.1.0.tgz",
                    "integrity": "sha1-yYrvSIvM7aL/teLeZG1qdUQp9c0="
                }
            }
        },
        "enhanced-resolve": {
            "version": "3.1.0",
            "resolved": "https://registry.npmjs.org/enhanced-resolve/-/enhanced-resolve-3.1.0.tgz",
            "integrity": "sha1-n0tib1dyRe3PSyrYPYbhf09CHew=",
            "dev": true
        },
        "img-loader": {
            "version": "2.0.0",
            "resolved": "https://registry.npmjs.org/img-loader/-/img-loader-2.0.0.tgz",
            "integrity": "sha1-WDdAs+KjiuulQ1x91TC+nOdFT9k=",
            "dependencies": {
                "loader-utils": {
                    "version": "1.1.0",
                    "resolved": "https://registry.npmjs.org/loader-utils/-/loader-utils-1.1.0.tgz",
                    "integrity": "sha1-yYrvSIvM7aL/teLeZG1qdUQp9c0="
                }
            }
        },
        "magic-string": {
            "version": "0.19.1",
            "resolved": "https://registry.npmjs.org/magic-string/-/magic-string-0.19.1.tgz",
            "integrity": "sha1-FNdoATyvLsj96hakmvgvw3fnUgE=",
            "dev": true
        },
        "parse5": {
            "version": "3.0.2",
            "resolved": "https://registry.npmjs.org/parse5/-/parse5-3.0.2.tgz",
            "integrity": "sha1-Be/1fw70V3+xRKefi5qWemzERRA=",
            "dev": true,
            "dependencies": {
                "@types/node": {
                    "version": "6.0.78",
                    "resolved": "https://registry.npmjs.org/@types/node/-/node-6.0.78.tgz",
                    "integrity": "sha512-+vD6E8ixntRzzZukoF3uP1iV+ZjVN3koTcaeK+BEoc/kSfGbLDIGC7RmCaUgVpUfN6cWvfczFRERCyKM9mkvXg=="
                }
            }
        },
        "raw-loader": {
            "version": "0.5.1",
            "resolved": "https://registry.npmjs.org/raw-loader/-/raw-loader-0.5.1.tgz",
            "integrity": "sha1-DD0L6u2KAclm2Xh793goElKpeao="
        },
        "reflect-metadata": {
            "version": "0.1.10",
            "resolved": "https://registry.npmjs.org/reflect-metadata/-/reflect-metadata-0.1.10.tgz",
            "integrity": "sha1-tPg3BEFqytiZiMmxVjXUfgO5NEo=",
            "dev": true
        },
        "rxjs": {
            "version": "5.4.1",
            "resolved": "https://registry.npmjs.org/rxjs/-/rxjs-5.4.1.tgz",
            "integrity": "sha1-ti91fyeURdJloYpY+wpw3JDpFiY=",
            "requires": {
                "symbol-observable": "^1.0.1"
            }
        },
        "source-map": {
            "version": "0.5.6",
            "resolved": "https://registry.npmjs.org/source-map/-/source-map-0.5.6.tgz",
            "integrity": "sha1-dc449SvwczxafwwRjYEzSiu19BI=",
            "dev": true
        },
        "style-loader": {
            "version": "0.18.2",
            "resolved": "https://registry.npmjs.org/style-loader/-/style-loader-0.18.2.tgz",
            "integrity": "sha512-WPpJPZGUxWYHWIUMNNOYqql7zh85zGmr84FdTVWq52WTIkqlW9xSxD3QYWi/T31cqn9UNSsietVEgGn2aaSCzw==",
            "dependencies": {
                "loader-utils": {
                    "version": "1.1.0",
                    "resolved": "https://registry.npmjs.org/loader-utils/-/loader-utils-1.1.0.tgz",
                    "integrity": "sha1-yYrvSIvM7aL/teLeZG1qdUQp9c0="
                }
            }
        },
        "symbol-observable": {
            "version": "1.0.4",
            "resolved": "https://registry.npmjs.org/symbol-observable/-/symbol-observable-1.0.4.tgz",
            "integrity": "sha1-Kb9hXUqnEhvdiYsi1LP5vE4qoD0="
        },
        "tsickle": {
            "version": "0.21.6",
            "resolved": "https://registry.npmjs.org/tsickle/-/tsickle-0.21.6.tgz",
            "integrity": "sha1-U7Abl5xcE/2xOvs/uVgXflmRWI0=",
            "dev": true,
            "dependencies": {
                "minimist": {
                    "version": "1.2.0",
                    "resolved": "https://registry.npmjs.org/minimist/-/minimist-1.2.0.tgz",
                    "integrity": "sha1-o1AIsg9BOD7sH7kU9M1d95omQoQ="
                }
            }
        },
        "tslib": {
            "version": "2.4.0",
            "resolved": "https://registry.npmjs.org/tslib/-/tslib-2.4.0.tgz",
            "integrity": "sha512-d6xOpEDfsi2CZVlPQzGeux8XMwLT9hssAsaPYExaQMuYskwb+x1x7J371tWlbBdWHroy99KnVB6qIkUbs5X3UQ==",
            "dev": true
        },
        "typescript": {
            "version": "2.3.4",
            "resolved": "https://registry.npmjs.org/typescript/-/typescript-2.3.4.tgz",
            "integrity": "sha1-PTgyGCgjHkNPKHUUlZw3qCtin0I="
        },
        "webpack": {
            "version": "3.0.0",
            "resolved": "https://registry.npmjs.org/webpack/-/webpack-3.0.0.tgz",
            "integrity": "sha1-7pvOvyEkf3FTy0EBaMq0XjpZ1Nc=",
            "dev": true,
            "dependencies": {
                "ajv-keywords": {
                    "version": "2.1.0",
                    "resolved": "https://registry.npmjs.org/ajv-keywords/-/ajv-keywords-2.1.0.tgz",
                    "integrity": "sha1-opbhf3v658HOT34N5T0pyzIWLfA="
                },
                "loader-utils": {
                    "version": "1.1.0",
                    "resolved": "https://registry.npmjs.org/loader-utils/-/loader-utils-1.1.0.tgz",
                    "integrity": "sha1-yYrvSIvM7aL/teLeZG1qdUQp9c0="
                },
                "source-list-map": {
                    "version": "2.0.0",
                    "resolved": "https://registry.npmjs.org/source-list-map/-/source-list-map-2.0.0.tgz",
                    "integrity": "sha512-I2UmuJSRr/T8jisiROLU3A3ltr+swpniSmNPI4Ml3ZCX6tVnDsuZzK7F2hl5jTqbZBWCEKlj5HRQiPExXLgE8A=="
                },
                "supports-color": {
                    "version": "3.2.3",
                    "resolved": "https://registry.npmjs.org/supports-color/-/supports-color-3.2.3.tgz",
                    "integrity": "sha1-ZawFBLOVQXHYpklGsq48u4pfVPY="
                },
                "webpack-sources": {
                    "version": "1.0.1",
                    "resolved": "https://registry.npmjs.org/webpack-sources/-/webpack-sources-1.0.1.tgz",
                    "integrity": "sha512-05tMxipUCwHqYaVS8xc7sYPTly8PzXayRCB4dTxLhWTqlKUiwH6ezmEe0OSreL1c30LAuA3Zqmc+uEBUGFJDjw=="
                }
            }
        },
        "xhr2": {
            "version": "0.1.4",
            "resolved": "https://registry.npmjs.org/xhr2/-/xhr2-0.1.4.tgz",
            "integrity": "sha1-f4dliEdxbbUCYyOBL4GMras4el8=",
            "dev": true
        },
        "zone.js": {
            "version": "0.8.12",
            "resolved": "https://registry.npmjs.org/zone.js/-/zone.js-0.8.12.tgz",
            "integrity": "sha1-hv9QU8mK7CkaC/S7rFAdaUoFz7s="
        }
    }
}
